{
  "name": "worker",
  "version": "1.0.0",
  "lockfileVersion": 3,
  "requires": true,
  "packages": {
    "": {
      "name": "worker",
      "version": "1.0.0",
      "license": "ISC",
      "dependencies": {
        "webpush-webcrypto": "^1.0.5"
      }
    },
    "node_modules/webpush-webcrypto": {
      "version": "1.0.5",
      "resolved": "https://registry.npmjs.org/webpush-webcrypto/-/webpush-webcrypto-1.0.5.tgz",
      "integrity": "sha512-lDKQtVxi97dJQeJ6SK4kZHazYzCc6GosluXMqzLYwBc8z2il15l8zxW1e7qAF6GrcPdpHgBZkbI17mNvOQ8lZg==",
      "license": "MIT"
    }
  }
}
